
Microsoft Visual Studio Solution File, Format Version 12.00
# Visual Studio Version 16
VisualStudioVersion = 16.0.31005.135
MinimumVisualStudioVersion = 10.0.40219.1
Project("{FAE04EC0-301F-11D3-BF4B-00C04F79EFBC}") = "AddOrRemove", "AddOrRemove.csproj", "{B90793C8-BADB-4707-8B01-DC3F4C392BA8}"
EndProject
Global
	GlobalSection(SolutionConfigurationPlatforms) = preSolution
		Debug|Any CPU = Debug|Any CPU
		Release|Any CPU = Release|Any CPU
	EndGlobalSection
	GlobalSection(ProjectConfigurationPlatforms) = postSolution
		{B90793C8-BADB-4707-8B01-DC3F4C392BA8}.Debug|Any CPU.ActiveCfg = Debug|Any CPU
		{B90793C8-BADB-4707-8B01-DC3F4C392BA8}.Debug|Any CPU.Build.0 = Debug|Any CPU
		{B90793C8-BADB-4707-8B01-DC3F4C392BA8}.Release|Any CPU.ActiveCfg = Release|Any CPU
		{B90793C8-BADB-4707-8B01-DC3F4C392BA8}.Release|Any CPU.Build.0 = Release|Any CPU
	EndGlobalSection
	GlobalSection(SolutionProperties) = preSolution
		HideSolutionNode = FALSE
	EndGlobalSection
	GlobalSection(ExtensibilityGlobals) = postSolution
		SolutionGuid = {3C270973-372B-4DA2-A9B1-03CCE54D6F9E}
	EndGlobalSection
EndGlobal
